// !$*UTF8*$!
{
	archiveVersion = 1;
	classes = {
	};
	objectVersion = 55;
	objects = {

/* Begin PBXBuildFile section */
		11573C5427C2CBC90009DA6A /* AppDelegate.swift in Sources */ = {isa = PBXBuildFile; fileRef = 11573C5327C2CBC90009DA6A /* AppDelegate.swift */; };
		11573C5627C2CBC90009DA6A /* SceneDelegate.swift in Sources */ = {isa = PBXBuildFile; fileRef = 11573C5527C2CBC90009DA6A /* SceneDelegate.swift */; };
		11573C5827C2CBC90009DA6A /* ViewController.swift in Sources */ = {isa = PBXBuildFile; fileRef = 11573C5727C2CBC90009DA6A /* ViewController.swift */; };
		11573C5B27C2CBC90009DA6A /* Main.storyboard in Resources */ = {isa = PBXBuildFile; fileRef = 11573C5927C2CBC90009DA6A /* Main.storyboard */; };
		11573C5D27C2CBCD0009DA6A /* Assets.xcassets in Resources */ = {isa = PBXBuildFile; fileRef = 11573C5C27C2CBCD0009DA6A /* Assets.xcassets */; };
		11573C6027C2CBCD0009DA6A /* LaunchScreen.storyboard in Resources */ = {isa = PBXBuildFile; fileRef = 11573C5E27C2CBCD0009DA6A /* LaunchScreen.storyboard */; };
		11573C7427C2D10E0009DA6A /* SoundTrack.swift in Sources */ = {isa = PBXBuildFile; fileRef = 11573C7327C2D10E0009DA6A /* SoundTrack.swift */; };
		11A5CAAD27C3A75700FF753F /* Interstellar.mp3 in Resources */ = {isa = PBXBuildFile; fileRef = 11A5CAA327C3A75500FF753F /* Interstellar.mp3 */; };
		11A5CAAE27C3A75700FF753F /* ImmigrantSong(Remaster).mp3 in Resources */ = {isa = PBXBuildFile; fileRef = 11A5CAA427C3A75500FF753F /* ImmigrantSong(Remaster).mp3 */; };
		11A5CAAF27C3A75700FF753F /* InTheEnd.mp3 in Resources */ = {isa = PBXBuildFile; fileRef = 11A5CAA527C3A75600FF753F /* InTheEnd.mp3 */; };
		11A5CAB027C3A75700FF753F /* StandByMe.mp3 in Resources */ = {isa = PBXBuildFile; fileRef = 11A5CAA627C3A75600FF753F /* StandByMe.mp3 */; };
		11A5CAB127C3A75700FF753F /* Thunderstruck.mp3 in Resources */ = {isa = PBXBuildFile; fileRef = 11A5CAA727C3A75600FF753F /* Thunderstruck.mp3 */; };
		11A5CAB227C3A75700FF753F /* Spider-Verse(NoWayHomeTribute).mp3 in Resources */ = {isa = PBXBuildFile; fileRef = 11A5CAA827C3A75600FF753F /* Spider-Verse(NoWayHomeTribute).mp3 */; };
		11A5CAB327C3A75700FF753F /* LoseYourself.mp3 in Resources */ = {isa = PBXBuildFile; fileRef = 11A5CAA927C3A75700FF753F /* LoseYourself.mp3 */; };
		11A5CAB427C3A75700FF753F /* Sandstorm.mp3 in Resources */ = {isa = PBXBuildFile; fileRef = 11A5CAAA27C3A75700FF753F /* Sandstorm.mp3 */; };
		11A5CAB527C3A75700FF753F /* ShootToThrill.mp3 in Resources */ = {isa = PBXBuildFile; fileRef = 11A5CAAB27C3A75700FF753F /* ShootToThrill.mp3 */; };
		11A5CAB627C3A75700FF753F /* Song2.mp3 in Resources */ = {isa = PBXBuildFile; fileRef = 11A5CAAC27C3A75700FF753F /* Song2.mp3 */; };
		11DB978E27C830E4004C61F1 /* MyTableViewCell.swift in Sources */ = {isa = PBXBuildFile; fileRef = 11DB978D27C830E4004C61F1 /* MyTableViewCell.swift */; };
/* End PBXBuildFile section */

/* Begin PBXFileReference section */
		11573C5027C2CBC90009DA6A /* MusicOn.app */ = {isa = PBXFileReference; explicitFileType = wrapper.application; includeInIndex = 0; path = MusicOn.app; sourceTree = BUILT_PRODUCTS_DIR; };
		11573C5327C2CBC90009DA6A /* AppDelegate.swift */ = {isa = PBXFileReference; lastKnownFileType = sourcecode.swift; path = AppDelegate.swift; sourceTree = "<group>"; };
		11573C5527C2CBC90009DA6A /* SceneDelegate.swift */ = {isa = PBXFileReference; lastKnownFileType = sourcecode.swift; path = SceneDelegate.swift; sourceTree = "<group>"; };
		11573C5727C2CBC90009DA6A /* ViewController.swift */ = {isa = PBXFileReference; lastKnownFileType = sourcecode.swift; path = ViewController.swift; sourceTree = "<group>"; };
		11573C5A27C2CBC90009DA6A /* Base */ = {isa = PBXFileReference; lastKnownFileType = file.storyboard; name = Base; path = Base.lproj/Main.storyboard; sourceTree = "<group>"; };
		11573C5C27C2CBCD0009DA6A /* Assets.xcassets */ = {isa = PBXFileReference; lastKnownFileType = folder.assetcatalog; path = Assets.xcassets; sourceTree = "<group>"; };
		11573C5F27C2CBCD0009DA6A /* Base */ = {isa = PBXFileReference; lastKnownFileType = file.storyboard; name = Base; path = Base.lproj/LaunchScreen.storyboard; sourceTree = "<group>"; };
		11573C6127C2CBCD0009DA6A /* Info.plist */ = {isa = PBXFileReference; lastKnownFileType = text.plist.xml; path = Info.plist; sourceTree = "<group>"; };
		11573C7327C2D10E0009DA6A /* SoundTrack.swift */ = {isa = PBXFileReference; lastKnownFileType = sourcecode.swift; path = SoundTrack.swift; sourceTree = "<group>"; };
		11A5CAA327C3A75500FF753F /* Interstellar.mp3 */ = {isa = PBXFileReference; lastKnownFileType = audio.mp3; path = Interstellar.mp3; sourceTree = "<group>"; };
		11A5CAA427C3A75500FF753F /* ImmigrantSong(Remaster).mp3 */ = {isa = PBXFileReference; lastKnownFileType = audio.mp3; path = "ImmigrantSong(Remaster).mp3"; sourceTree = "<group>"; };
		11A5CAA527C3A75600FF753F /* InTheEnd.mp3 */ = {isa = PBXFileReference; lastKnownFileType = audio.mp3; path = InTheEnd.mp3; sourceTree = "<group>"; };
		11A5CAA627C3A75600FF753F /* StandByMe.mp3 */ = {isa = PBXFileReference; lastKnownFileType = audio.mp3; path = StandByMe.mp3; sourceTree = "<group>"; };
		11A5CAA727C3A75600FF753F /* Thunderstruck.mp3 */ = {isa = PBXFileReference; lastKnownFileType = audio.mp3; path = Thunderstruck.mp3; sourceTree = "<group>"; };
		11A5CAA827C3A75600FF753F /* Spider-Verse(NoWayHomeTribute).mp3 */ = {isa = PBXFileReference; lastKnownFileType = audio.mp3; path = "Spider-Verse(NoWayHomeTribute).mp3"; sourceTree = "<group>"; };
		11A5CAA927C3A75700FF753F /* LoseYourself.mp3 */ = {isa = PBXFileReference; lastKnownFileType = audio.mp3; path = LoseYourself.mp3; sourceTree = "<group>"; };
		11A5CAAA27C3A75700FF753F /* Sandstorm.mp3 */ = {isa = PBXFileReference; lastKnownFileType = audio.mp3; path = Sandstorm.mp3; sourceTree = "<group>"; };
		11A5CAAB27C3A75700FF753F /* ShootToThrill.mp3 */ = {isa = PBXFileReference; lastKnownFileType = audio.mp3; name = ShootToThrill.mp3; path = ../../../Music/Music/Media.localized/Music/Compilations/MusicON/ShootToThrill.mp3; sourceTree = "<group>"; };
		11A5CAAC27C3A75700FF753F /* Song2.mp3 */ = {isa = PBXFileReference; lastKnownFileType = audio.mp3; path = Song2.mp3; sourceTree = "<group>"; };
		11DB978D27C830E4004C61F1 /* MyTableViewCell.swift */ = {isa = PBXFileReference; lastKnownFileType = sourcecode.swift; path = MyTableViewCell.swift; sourceTree = "<group>"; };
/* End PBXFileReference section */

/* Begin PBXFrameworksBuildPhase section */
		11573C4D27C2CBC90009DA6A /* Frameworks */ = {
			isa = PBXFrameworksBuildPhase;
			buildActionMask = 2147483647;
			files = (
			);
			runOnlyForDeploymentPostprocessing = 0;
		};
/* End PBXFrameworksBuildPhase section */

/* Begin PBXGroup section */
		11573C4727C2CBC90009DA6A = {
			isa = PBXGroup;
			children = (
				11573C5227C2CBC90009DA6A /* MusicOn */,
				11573C5127C2CBC90009DA6A /* Products */,
			);
			sourceTree = "<group>";
		};
		11573C5127C2CBC90009DA6A /* Products */ = {
			isa = PBXGroup;
			children = (
				11573C5027C2CBC90009DA6A /* MusicOn.app */,
			);
			name = Products;
			sourceTree = "<group>";
		};
		11573C5227C2CBC90009DA6A /* MusicOn */ = {
			isa = PBXGroup;
			children = (
				11573C5327C2CBC90009DA6A /* AppDelegate.swift */,
				11573C5527C2CBC90009DA6A /* SceneDelegate.swift */,
				11573C5727C2CBC90009DA6A /* ViewController.swift */,
				11573C7327C2D10E0009DA6A /* SoundTrack.swift */,
				11DB978D27C830E4004C61F1 /* MyTableViewCell.swift */,
				11573C5927C2CBC90009DA6A /* Main.storyboard */,
				11573C5C27C2CBCD0009DA6A /* Assets.xcassets */,
				11573C5E27C2CBCD0009DA6A /* LaunchScreen.storyboard */,
				11573C6127C2CBCD0009DA6A /* Info.plist */,
				11A5CAA427C3A75500FF753F /* ImmigrantSong(Remaster).mp3 */,
				11A5CAA327C3A75500FF753F /* Interstellar.mp3 */,
				11A5CAA527C3A75600FF753F /* InTheEnd.mp3 */,
				11A5CAA927C3A75700FF753F /* LoseYourself.mp3 */,
				11A5CAAA27C3A75700FF753F /* Sandstorm.mp3 */,
				11A5CAAB27C3A75700FF753F /* ShootToThrill.mp3 */,
				11A5CAAC27C3A75700FF753F /* Song2.mp3 */,
				11A5CAA827C3A75600FF753F /* Spider-Verse(NoWayHomeTribute).mp3 */,
				11A5CAA627C3A75600FF753F /* StandByMe.mp3 */,
				11A5CAA727C3A75600FF753F /* Thunderstruck.mp3 */,
			);
			path = MusicOn;
			sourceTree = "<group>";
		};
/* End PBXGroup section */

/* Begin PBXNativeTarget section */
		11573C4F27C2CBC90009DA6A /* MusicOn */ = {
			isa = PBXNativeTarget;
			buildConfigurationList = 11573C6427C2CBCD0009DA6A /* Build configuration list for PBXNativeTarget "MusicOn" */;
			buildPhases = (
				11573C4C27C2CBC90009DA6A /* Sources */,
				11573C4D27C2CBC90009DA6A /* Frameworks */,
				11573C4E27C2CBC90009DA6A /* Resources */,
			);
			buildRules = (
			);
			dependencies = (
			);
			name = MusicOn;
			productName = MusicOn;
			productReference = 11573C5027C2CBC90009DA6A /* MusicOn.app */;
			productType = "com.apple.product-type.application";
		};
/* End PBXNativeTarget section */

/* Begin PBXProject section */
		11573C4827C2CBC90009DA6A /* Project object */ = {
			isa = PBXProject;
			attributes = {
				BuildIndependentTargetsInParallel = 1;
				LastSwiftUpdateCheck = 1320;
				LastUpgradeCheck = 1320;
				TargetAttributes = {
					11573C4F27C2CBC90009DA6A = {
						CreatedOnToolsVersion = 13.2.1;
					};
				};
			};
			buildConfigurationList = 11573C4B27C2CBC90009DA6A /* Build configuration list for PBXProject "MusicOn" */;
			compatibilityVersion = "Xcode 13.0";
			developmentRegion = en;
			hasScannedForEncodings = 0;
			knownRegions = (
				en,
				Base,
			);
			mainGroup = 11573C4727C2CBC90009DA6A;
			productRefGroup = 11573C5127C2CBC90009DA6A /* Products */;
			projectDirPath = "";
			projectRoot = "";
			targets = (
				11573C4F27C2CBC90009DA6A /* MusicOn */,
			);
		};
/* End PBXProject section */

/* Begin PBXResourcesBuildPhase section */
		11573C4E27C2CBC90009DA6A /* Resources */ = {
			isa = PBXResourcesBuildPhase;
			buildActionMask = 2147483647;
			files = (
				11A5CAB027C3A75700FF753F /* StandByMe.mp3 in Resources */,
				11A5CAB527C3A75700FF753F /* ShootToThrill.mp3 in Resources */,
				11A5CAB427C3A75700FF753F /* Sandstorm.mp3 in Resources */,
				11573C6027C2CBCD0009DA6A /* LaunchScreen.storyboard in Resources */,
				11A5CAAE27C3A75700FF753F /* ImmigrantSong(Remaster).mp3 in Resources */,
				11A5CAB127C3A75700FF753F /* Thunderstruck.mp3 in Resources */,
				11A5CAAF27C3A75700FF753F /* InTheEnd.mp3 in Resources */,
				11573C5D27C2CBCD0009DA6A /* Assets.xcassets in Resources */,
				11A5CAB327C3A75700FF753F /* LoseYourself.mp3 in Resources */,
				11573C5B27C2CBC90009DA6A /* Main.storyboard in Resources */,
				11A5CAB227C3A75700FF753F /* Spider-Verse(NoWayHomeTribute).mp3 in Resources */,
				11A5CAAD27C3A75700FF753F /* Interstellar.mp3 in Resources */,
				11A5CAB627C3A75700FF753F /* Song2.mp3 in Resources */,
			);
			runOnlyForDeploymentPostprocessing = 0;
		};
/* End PBXResourcesBuildPhase section */

/* Begin PBXSourcesBuildPhase section */
		11573C4C27C2CBC90009DA6A /* Sources */ = {
			isa = PBXSourcesBuildPhase;
			buildActionMask = 2147483647;
			files = (
				11573C5827C2CBC90009DA6A /* ViewController.swift in Sources */,
				11573C7427C2D10E0009DA6A /* SoundTrack.swift in Sources */,
				11573C5427C2CBC90009DA6A /* AppDelegate.swift in Sources */,
				11DB978E27C830E4004C61F1 /* MyTableViewCell.swift in Sources */,
				11573C5627C2CBC90009DA6A /* SceneDelegate.swift in Sources */,
			);
			runOnlyForDeploymentPostprocessing = 0;
		};
/* End PBXSourcesBuildPhase section */

/* Begin PBXVariantGroup section */
		11573C5927C2CBC90009DA6A /* Main.storyboard */ = {
			isa = PBXVariantGroup;
			children = (
				11573C5A27C2CBC90009DA6A /* Base */,
			);
			name = Main.storyboard;
			sourceTree = "<group>";
		};
		11573C5E27C2CBCD0009DA6A /* LaunchScreen.storyboard */ = {
			isa = PBXVariantGroup;
			children = (
				11573C5F27C2CBCD0009DA6A /* Base */,
			);
			name = LaunchScreen.storyboard;
			sourceTree = "<group>";
		};
/* End PBXVariantGroup section */

/* Begin XCBuildConfiguration section */
		11573C6227C2CBCD0009DA6A /* Debug */ = {
			isa = XCBuildConfiguration;
			buildSettings = {
				ALWAYS_SEARCH_USER_PATHS = NO;
				CLANG_ANALYZER_NONNULL = YES;
				CLANG_ANALYZER_NUMBER_OBJECT_CONVERSION = YES_AGGRESSIVE;
				CLANG_CXX_LANGUAGE_STANDARD = "gnu++17";
				CLANG_CXX_LIBRARY = "libc++";
				CLANG_ENABLE_MODULES = YES;
				CLANG_ENABLE_OBJC_ARC = YES;
				CLANG_ENABLE_OBJC_WEAK = YES;
				CLANG_WARN_BLOCK_CAPTURE_AUTORELEASING = YES;
				CLANG_WARN_BOOL_CONVERSION = YES;
				CLANG_WARN_COMMA = YES;
				CLANG_WARN_CONSTANT_CONVERSION = YES;
				CLANG_WARN_DEPRECATED_OBJC_IMPLEMENTATIONS = YES;
				CLANG_WARN_DIRECT_OBJC_ISA_USAGE = YES_ERROR;
				CLANG_WARN_DOCUMENTATION_COMMENTS = YES;
				CLANG_WARN_EMPTY_BODY = YES;
				CLANG_WARN_ENUM_CONVERSION = YES;
				CLANG_WARN_INFINITE_RECURSION = YES;
				CLANG_WARN_INT_CONVERSION = YES;
				CLANG_WARN_NON_LITERAL_NULL_CONVERSION = YES;
				CLANG_WARN_OBJC_IMPLICIT_RETAIN_SELF = YES;
				CLANG_WARN_OBJC_LITERAL_CONVERSION = YES;
				CLANG_WARN_OBJC_ROOT_CLASS = YES_ERROR;
				CLANG_WARN_QUOTED_INCLUDE_IN_FRAMEWORK_HEADER = YES;
				CLANG_WARN_RANGE_LOOP_ANALYSIS = YES;
				CLANG_WARN_STRICT_PROTOTYPES = YES;
				CLANG_WARN_SUSPICIOUS_MOVE = YES;
				CLANG_WARN_UNGUARDED_AVAILABILITY = YES_AGGRESSIVE;
				CLANG_WARN_UNREACHABLE_CODE = YES;
				CLANG_WARN__DUPLICATE_METHOD_MATCH = YES;
				COPY_PHASE_STRIP = NO;
				DEBUG_INFORMATION_FORMAT = dwarf;
				ENABLE_STRICT_OBJC_MSGSEND = YES;
				ENABLE_TESTABILITY = YES;
				GCC_C_LANGUAGE_STANDARD = gnu11;
				GCC_DYNAMIC_NO_PIC = NO;
				GCC_NO_COMMON_BLOCKS = YES;
				GCC_OPTIMIZATION_LEVEL = 0;
				GCC_PREPROCESSOR_DEFINITIONS = (
					"DEBUG=1",
					"$(inherited)",
				);
				GCC_WARN_64_TO_32_BIT_CONVERSION = YES;
				GCC_WARN_ABOUT_RETURN_TYPE = YES_ERROR;
				GCC_WARN_UNDECLARED_SELECTOR = YES;
				GCC_WARN_UNINITIALIZED_AUTOS = YES_AGGRESSIVE;
				GCC_WARN_UNUSED_FUNCTION = YES;
				GCC_WARN_UNUSED_VARIABLE = YES;
				IPHONEOS_DEPLOYMENT_TARGET = 15.2;
				MTL_ENABLE_DEBUG_INFO = INCLUDE_SOURCE;
				MTL_FAST_MATH = YES;
				ONLY_ACTIVE_ARCH = YES;
				SDKROOT = iphoneos;
				SWIFT_ACTIVE_COMPILATION_CONDITIONS = DEBUG;
				SWIFT_OPTIMIZATION_LEVEL = "-Onone";
			};
			name = Debug;
		};
		11573C6327C2CBCD0009DA6A /* Release */ = {
			isa = XCBuildConfiguration;
			buildSettings = {
				ALWAYS_SEARCH_USER_PATHS = NO;
				CLANG_ANALYZER_NONNULL = YES;
				CLANG_ANALYZER_NUMBER_OBJECT_CONVERSION = YES_AGGRESSIVE;
				CLANG_CXX_LANGUAGE_STANDARD = "gnu++17";
				CLANG_CXX_LIBRARY = "libc++";
				CLANG_ENABLE_MODULES = YES;
				CLANG_ENABLE_OBJC_ARC = YES;
				CLANG_ENABLE_OBJC_WEAK = YES;
				CLANG_WARN_BLOCK_CAPTURE_AUTORELEASING = YES;
				CLANG_WARN_BOOL_CONVERSION = YES;
				CLANG_WARN_COMMA = YES;
				CLANG_WARN_CONSTANT_CONVERSION = YES;
				CLANG_WARN_DEPRECATED_OBJC_IMPLEMENTATIONS = YES;
				CLANG_WARN_DIRECT_OBJC_ISA_USAGE = YES_ERROR;
				CLANG_WARN_DOCUMENTATION_COMMENTS = YES;
				CLANG_WARN_EMPTY_BODY = YES;
				CLANG_WARN_ENUM_CONVERSION = YES;
				CLANG_WARN_INFINITE_RECURSION = YES;
				CLANG_WARN_INT_CONVERSION = YES;
				CLANG_WARN_NON_LITERAL_NULL_CONVERSION = YES;
				CLANG_WARN_OBJC_IMPLICIT_RETAIN_SELF = YES;
				CLANG_WARN_OBJC_LITERAL_CONVERSION = YES;
				CLANG_WARN_OBJC_ROOT_CLASS = YES_ERROR;
				CLANG_WARN_QUOTED_INCLUDE_IN_FRAMEWORK_HEADER = YES;
				CLANG_WARN_RANGE_LOOP_ANALYSIS = YES;
				CLANG_WARN_STRICT_PROTOTYPES = YES;
				CLANG_WARN_SUSPICIOUS_MOVE = YES;
				CLANG_WARN_UNGUARDED_AVAILABILITY = YES_AGGRESSIVE;
				CLANG_WARN_UNREACHABLE_CODE = YES;
				CLANG_WARN__DUPLICATE_METHOD_MATCH = YES;
				COPY_PHASE_STRIP = NO;
				DEBUG_INFORMATION_FORMAT = "dwarf-with-dsym";
				ENABLE_NS_ASSERTIONS = NO;
				ENABLE_STRICT_OBJC_MSGSEND = YES;
				GCC_C_LANGUAGE_STANDARD = gnu11;
				GCC_NO_COMMON_BLOCKS = YES;
				GCC_WARN_64_TO_32_BIT_CONVERSION = YES;
				GCC_WARN_ABOUT_RETURN_TYPE = YES_ERROR;
				GCC_WARN_UNDECLARED_SELECTOR = YES;
				GCC_WARN_UNINITIALIZED_AUTOS = YES_AGGRESSIVE;
				GCC_WARN_UNUSED_FUNCTION = YES;
				GCC_WARN_UNUSED_VARIABLE = YES;
				IPHONEOS_DEPLOYMENT_TARGET = 15.2;
				MTL_ENABLE_DEBUG_INFO = NO;
				MTL_FAST_MATH = YES;
				SDKROOT = iphoneos;
				SWIFT_COMPILATION_MODE = wholemodule;
				SWIFT_OPTIMIZATION_LEVEL = "-O";
				VALIDATE_PRODUCT = YES;
			};
			name = Release;
		};
		11573C6527C2CBCD0009DA6A /* Debug */ = {
			isa = XCBuildConfiguration;
			buildSettings = {
				ASSETCATALOG_COMPILER_APPICON_NAME = AppIcon;
				ASSETCATALOG_COMPILER_GLOBAL_ACCENT_COLOR_NAME = AccentColor;
				CODE_SIGN_STYLE = Automatic;
				CURRENT_PROJECT_VERSION = 1;
				DEVELOPMENT_TEAM = 994GDFHA6U;
				GENERATE_INFOPLIST_FILE = YES;
				INFOPLIST_FILE = MusicOn/Info.plist;
				INFOPLIST_KEY_UIApplicationSupportsIndirectInputEvents = YES;
				INFOPLIST_KEY_UILaunchStoryboardName = LaunchScreen;
				INFOPLIST_KEY_UIMainStoryboardFile = Main;
				INFOPLIST_KEY_UISupportedInterfaceOrientations_iPad = "UIInterfaceOrientationPortrait UIInterfaceOrientationPortraitUpsideDown UIInterfaceOrientationLandscapeLeft UIInterfaceOrientationLandscapeRight";
				INFOPLIST_KEY_UISupportedInterfaceOrientations_iPhone = "UIInterfaceOrientationPortrait UIInterfaceOrientationLandscapeLeft UIInterfaceOrientationLandscapeRight";
				LD_RUNPATH_SEARCH_PATHS = (
					"$(inherited)",
					"@executable_path/Frameworks",
				);
				MARKETING_VERSION = 1.0;
				PRODUCT_BUNDLE_IDENTIFIER = Yorch.MusicOn;
				PRODUCT_NAME = "$(TARGET_NAME)";
				SWIFT_EMIT_LOC_STRINGS = YES;
				SWIFT_VERSION = 5.0;
				TARGETED_DEVICE_FAMILY = "1,2";
			};
			name = Debug;
		};
		11573C6627C2CBCD0009DA6A /* Release */ = {
			isa = XCBuildConfiguration;
			buildSettings = {
				ASSETCATALOG_COMPILER_APPICON_NAME = AppIcon;
				ASSETCATALOG_COMPILER_GLOBAL_ACCENT_COLOR_NAME = AccentColor;
				CODE_SIGN_STYLE = Automatic;
				CURRENT_PROJECT_VERSION = 1;
				DEVELOPMENT_TEAM = 994GDFHA6U;
				GENERATE_INFOPLIST_FILE = YES;
				INFOPLIST_FILE = MusicOn/Info.plist;
				INFOPLIST_KEY_UIApplicationSupportsIndirectInputEvents = YES;
				INFOPLIST_KEY_UILaunchStoryboardName = LaunchScreen;
				INFOPLIST_KEY_UIMainStoryboardFile = Main;
				INFOPLIST_KEY_UISupportedInterfaceOrientations_iPad = "UIInterfaceOrientationPortrait UIInterfaceOrientationPortraitUpsideDown UIInterfaceOrientationLandscapeLeft UIInterfaceOrientationLandscapeRight";
				INFOPLIST_KEY_UISupportedInterfaceOrientations_iPhone = "UIInterfaceOrientationPortrait UIInterfaceOrientationLandscapeLeft UIInterfaceOrientationLandscapeRight";
				LD_RUNPATH_SEARCH_PATHS = (
					"$(inherited)",
					"@executable_path/Frameworks",
				);
				MARKETING_VERSION = 1.0;
				PRODUCT_BUNDLE_IDENTIFIER = Yorch.MusicOn;
				PRODUCT_NAME = "$(TARGET_NAME)";
				SWIFT_EMIT_LOC_STRINGS = YES;
				SWIFT_VERSION = 5.0;
				TARGETED_DEVICE_FAMILY = "1,2";
			};
			name = Release;
		};
/* End XCBuildConfiguration section */

/* Begin XCConfigurationList section */
		11573C4B27C2CBC90009DA6A /* Build configuration list for PBXProject "MusicOn" */ = {
			isa = XCConfigurationList;
			buildConfigurations = (
				11573C6227C2CBCD0009DA6A /* Debug */,
				11573C6327C2CBCD0009DA6A /* Release */,
			);
			defaultConfigurationIsVisible = 0;
			defaultConfigurationName = Release;
		};
		11573C6427C2CBCD0009DA6A /* Build configuration list for PBXNativeTarget "MusicOn" */ = {
			isa = XCConfigurationList;
			buildConfigurations = (
				11573C6527C2CBCD0009DA6A /* Debug */,
				11573C6627C2CBCD0009DA6A /* Release */,
			);
			defaultConfigurationIsVisible = 0;
			defaultConfigurationName = Release;
		};
/* End XCConfigurationList section */
	};
	rootObject = 11573C4827C2CBC90009DA6A /* Project object */;
}
